
Microsoft Visual Studio Solution File, Format Version 12.00
# Visual Studio Version 17
VisualStudioVersion = 17.7.34024.191
MinimumVisualStudioVersion = 10.0.40219.1
Project("{FAE04EC0-301F-11D3-BF4B-00C04F79EFBC}") = "BlazorTailwindSampler.Server", "BlazorTailwindSampler\Server\BlazorTailwindSampler.Server.csproj", "{B94E4274-1794-40F8-AB29-096E4E145EE5}"
EndProject
Project("{FAE04EC0-301F-11D3-BF4B-00C04F79EFBC}") = "BlazorTailwindSampler.Client", "BlazorTailwindSampler\Client\BlazorTailwindSampler.Client.csproj", "{7556EDEB-434E-4A2C-9561-CED49F87166C}"
EndProject
Project("{FAE04EC0-301F-11D3-BF4B-00C04F79EFBC}") = "BlazorTailwindSampler.Shared", "BlazorTailwindSampler\Shared\BlazorTailwindSampler.Shared.csproj", "{06B9FF34-A451-4798-944E-61674D29E3F9}"
EndProject
Global
	GlobalSection(SolutionConfigurationPlatforms) = preSolution
		Debug|Any CPU = Debug|Any CPU
		Release|Any CPU = Release|Any CPU
	EndGlobalSection
	GlobalSection(ProjectConfigurationPlatforms) = postSolution
		{B94E4274-1794-40F8-AB29-096E4E145EE5}.Debug|Any CPU.ActiveCfg = Debug|Any CPU
		{B94E4274-1794-40F8-AB29-096E4E145EE5}.Debug|Any CPU.Build.0 = Debug|Any CPU
		{B94E4274-1794-40F8-AB29-096E4E145EE5}.Release|Any CPU.ActiveCfg = Release|Any CPU
		{B94E4274-1794-40F8-AB29-096E4E145EE5}.Release|Any CPU.Build.0 = Release|Any CPU
		{7556EDEB-434E-4A2C-9561-CED49F87166C}.Debug|Any CPU.ActiveCfg = Debug|Any CPU
		{7556EDEB-434E-4A2C-9561-CED49F87166C}.Debug|Any CPU.Build.0 = Debug|Any CPU
		{7556EDEB-434E-4A2C-9561-CED49F87166C}.Release|Any CPU.ActiveCfg = Release|Any CPU
		{7556EDEB-434E-4A2C-9561-CED49F87166C}.Release|Any CPU.Build.0 = Release|Any CPU
		{06B9FF34-A451-4798-944E-61674D29E3F9}.Debug|Any CPU.ActiveCfg = Debug|Any CPU
		{06B9FF34-A451-4798-944E-61674D29E3F9}.Debug|Any CPU.Build.0 = Debug|Any CPU
		{06B9FF34-A451-4798-944E-61674D29E3F9}.Release|Any CPU.ActiveCfg = Release|Any CPU
		{06B9FF34-A451-4798-944E-61674D29E3F9}.Release|Any CPU.Build.0 = Release|Any CPU
	EndGlobalSection
	GlobalSection(SolutionProperties) = preSolution
		HideSolutionNode = FALSE
	EndGlobalSection
	GlobalSection(ExtensibilityGlobals) = postSolution
		SolutionGuid = {FA2F0244-E30C-454F-B848-81870F66FFF4}
	EndGlobalSection
EndGlobal
